
Microsoft Visual Studio Solution File, Format Version 12.00
# Visual Studio Version 16
VisualStudioVersion = 16.0.30114.105
MinimumVisualStudioVersion = 10.0.40219.1
Project("{FAE04EC0-301F-11D3-BF4B-00C04F79EFBC}") = "CafeLibrary", "CafeLibrary\CafeLibrary.csproj", "{0E45C5B8-104A-446B-BC4E-FA117F00C75C}"
EndProject
Project("{FAE04EC0-301F-11D3-BF4B-00C04F79EFBC}") = "CafeTests", "CafeTests\CafeTests.csproj", "{D68F00C7-B4C6-47B1-AFD9-954F6805885B}"
EndProject
Project("{FAE04EC0-301F-11D3-BF4B-00C04F79EFBC}") = "CafeUI", "CafeUI\CafeUI.csproj", "{C32C026A-F77F-4D6F-BCE9-B71947D43365}"
EndProject
Global
	GlobalSection(SolutionConfigurationPlatforms) = preSolution
		Debug|Any CPU = Debug|Any CPU
		Debug|x64 = Debug|x64
		Debug|x86 = Debug|x86
		Release|Any CPU = Release|Any CPU
		Release|x64 = Release|x64
		Release|x86 = Release|x86
	EndGlobalSection
	GlobalSection(SolutionProperties) = preSolution
		HideSolutionNode = FALSE
	EndGlobalSection
	GlobalSection(ProjectConfigurationPlatforms) = postSolution
		{0E45C5B8-104A-446B-BC4E-FA117F00C75C}.Debug|Any CPU.ActiveCfg = Debug|Any CPU
		{0E45C5B8-104A-446B-BC4E-FA117F00C75C}.Debug|Any CPU.Build.0 = Debug|Any CPU
		{0E45C5B8-104A-446B-BC4E-FA117F00C75C}.Debug|x64.ActiveCfg = Debug|Any CPU
		{0E45C5B8-104A-446B-BC4E-FA117F00C75C}.Debug|x64.Build.0 = Debug|Any CPU
		{0E45C5B8-104A-446B-BC4E-FA117F00C75C}.Debug|x86.ActiveCfg = Debug|Any CPU
		{0E45C5B8-104A-446B-BC4E-FA117F00C75C}.Debug|x86.Build.0 = Debug|Any CPU
		{0E45C5B8-104A-446B-BC4E-FA117F00C75C}.Release|Any CPU.ActiveCfg = Release|Any CPU
		{0E45C5B8-104A-446B-BC4E-FA117F00C75C}.Release|Any CPU.Build.0 = Release|Any CPU
		{0E45C5B8-104A-446B-BC4E-FA117F00C75C}.Release|x64.ActiveCfg = Release|Any CPU
		{0E45C5B8-104A-446B-BC4E-FA117F00C75C}.Release|x64.Build.0 = Release|Any CPU
		{0E45C5B8-104A-446B-BC4E-FA117F00C75C}.Release|x86.ActiveCfg = Release|Any CPU
		{0E45C5B8-104A-446B-BC4E-FA117F00C75C}.Release|x86.Build.0 = Release|Any CPU
		{D68F00C7-B4C6-47B1-AFD9-954F6805885B}.Debug|Any CPU.ActiveCfg = Debug|Any CPU
		{D68F00C7-B4C6-47B1-AFD9-954F6805885B}.Debug|Any CPU.Build.0 = Debug|Any CPU
		{D68F00C7-B4C6-47B1-AFD9-954F6805885B}.Debug|x64.ActiveCfg = Debug|Any CPU
		{D68F00C7-B4C6-47B1-AFD9-954F6805885B}.Debug|x64.Build.0 = Debug|Any CPU
		{D68F00C7-B4C6-47B1-AFD9-954F6805885B}.Debug|x86.ActiveCfg = Debug|Any CPU
		{D68F00C7-B4C6-47B1-AFD9-954F6805885B}.Debug|x86.Build.0 = Debug|Any CPU
		{D68F00C7-B4C6-47B1-AFD9-954F6805885B}.Release|Any CPU.ActiveCfg = Release|Any CPU
		{D68F00C7-B4C6-47B1-AFD9-954F6805885B}.Release|Any CPU.Build.0 = Release|Any CPU
		{D68F00C7-B4C6-47B1-AFD9-954F6805885B}.Release|x64.ActiveCfg = Release|Any CPU
		{D68F00C7-B4C6-47B1-AFD9-954F6805885B}.Release|x64.Build.0 = Release|Any CPU
		{D68F00C7-B4C6-47B1-AFD9-954F6805885B}.Release|x86.ActiveCfg = Release|Any CPU
		{D68F00C7-B4C6-47B1-AFD9-954F6805885B}.Release|x86.Build.0 = Release|Any CPU
		{C32C026A-F77F-4D6F-BCE9-B71947D43365}.Debug|Any CPU.ActiveCfg = Debug|Any CPU
		{C32C026A-F77F-4D6F-BCE9-B71947D43365}.Debug|Any CPU.Build.0 = Debug|Any CPU
		{C32C026A-F77F-4D6F-BCE9-B71947D43365}.Debug|x64.ActiveCfg = Debug|Any CPU
		{C32C026A-F77F-4D6F-BCE9-B71947D43365}.Debug|x64.Build.0 = Debug|Any CPU
		{C32C026A-F77F-4D6F-BCE9-B71947D43365}.Debug|x86.ActiveCfg = Debug|Any CPU
		{C32C026A-F77F-4D6F-BCE9-B71947D43365}.Debug|x86.Build.0 = Debug|Any CPU
		{C32C026A-F77F-4D6F-BCE9-B71947D43365}.Release|Any CPU.ActiveCfg = Release|Any CPU
		{C32C026A-F77F-4D6F-BCE9-B71947D43365}.Release|Any CPU.Build.0 = Release|Any CPU
		{C32C026A-F77F-4D6F-BCE9-B71947D43365}.Release|x64.ActiveCfg = Release|Any CPU
		{C32C026A-F77F-4D6F-BCE9-B71947D43365}.Release|x64.Build.0 = Release|Any CPU
		{C32C026A-F77F-4D6F-BCE9-B71947D43365}.Release|x86.ActiveCfg = Release|Any CPU
		{C32C026A-F77F-4D6F-BCE9-B71947D43365}.Release|x86.Build.0 = Release|Any CPU
	EndGlobalSection
EndGlobal
